// !$*UTF8*$!
{
	archiveVersion = 1;
	classes = {
	};
	objectVersion = 77;
	objects = {

/* Begin PBXBuildFile section */
		910DD6EF2DFDBE190078085B /* SDWebImage in Frameworks */ = {isa = PBXBuildFile; productRef = 910DD6EE2DFDBE190078085B /* SDWebImage */; };
		9115ED152E00074600E3A4DD /* DGCharts in Frameworks */ = {isa = PBXBuildFile; productRef = 9115ED142E00074600E3A4DD /* DGCharts */; };
		912890542DF1C7BC00987278 /* GoogleSignIn in Frameworks */ = {isa = PBXBuildFile; productRef = 912890532DF1C7BC00987278 /* GoogleSignIn */; };
		912890572DF1C7F800987278 /* FirebaseAuth in Frameworks */ = {isa = PBXBuildFile; productRef = 912890562DF1C7F800987278 /* FirebaseAuth */; };
		912890592DF1C7F800987278 /* FirebaseCore in Frameworks */ = {isa = PBXBuildFile; productRef = 912890582DF1C7F800987278 /* FirebaseCore */; };
		9128905B2DF1C7F800987278 /* FirebaseFirestore in Frameworks */ = {isa = PBXBuildFile; productRef = 9128905A2DF1C7F800987278 /* FirebaseFirestore */; };
		9128905D2DF1C7F800987278 /* FirebaseStorage in Frameworks */ = {isa = PBXBuildFile; productRef = 9128905C2DF1C7F800987278 /* FirebaseStorage */; };
/* End PBXBuildFile section */

/* Begin PBXContainerItemProxy section */
		91288FBB2DF18AB800987278 /* PBXContainerItemProxy */ = {
			isa = PBXContainerItemProxy;
			containerPortal = 91288F9C2DF18AB700987278 /* Project object */;
			proxyType = 1;
			remoteGlobalIDString = 91288FA32DF18AB700987278;
			remoteInfo = PhotoLog;
		};
		91288FC52DF18AB800987278 /* PBXContainerItemProxy */ = {
			isa = PBXContainerItemProxy;
			containerPortal = 91288F9C2DF18AB700987278 /* Project object */;
			proxyType = 1;
			remoteGlobalIDString = 91288FA32DF18AB700987278;
			remoteInfo = PhotoLog;
		};
/* End PBXContainerItemProxy section */

/* Begin PBXCopyFilesBuildPhase section */
		9115ED192E00074600E3A4DD /* Embed Frameworks */ = {
			isa = PBXCopyFilesBuildPhase;
			buildActionMask = 2147483647;
			dstPath = "";
			dstSubfolderSpec = 10;
			files = (
			);
			name = "Embed Frameworks";
			runOnlyForDeploymentPostprocessing = 0;
		};
/* End PBXCopyFilesBuildPhase section */

/* Begin PBXFileReference section */
		91288FA42DF18AB700987278 /* PhotoLog.app */ = {isa = PBXFileReference; explicitFileType = wrapper.application; includeInIndex = 0; path = PhotoLog.app; sourceTree = BUILT_PRODUCTS_DIR; };
		91288FBA2DF18AB800987278 /* PhotoLogTests.xctest */ = {isa = PBXFileReference; explicitFileType = wrapper.cfbundle; includeInIndex = 0; path = PhotoLogTests.xctest; sourceTree = BUILT_PRODUCTS_DIR; };
		91288FC42DF18AB800987278 /* PhotoLogUITests.xctest */ = {isa = PBXFileReference; explicitFileType = wrapper.cfbundle; includeInIndex = 0; path = PhotoLogUITests.xctest; sourceTree = BUILT_PRODUCTS_DIR; };
/* End PBXFileReference section */

/* Begin PBXFileSystemSynchronizedBuildFileExceptionSet section */
		915517642E00182100F8195A /* Exceptions for "PhotoLog" folder in "PhotoLog" target */ = {
			isa = PBXFileSystemSynchronizedBuildFileExceptionSet;
			membershipExceptions = (
				Info.plist,
			);
			target = 91288FA32DF18AB700987278 /* PhotoLog */;
		};
/* End PBXFileSystemSynchronizedBuildFileExceptionSet section */

/* Begin PBXFileSystemSynchronizedRootGroup section */
		91288FA62DF18AB700987278 /* PhotoLog */ = {
			isa = PBXFileSystemSynchronizedRootGroup;
			exceptions = (
				915517642E00182100F8195A /* Exceptions for "PhotoLog" folder in "PhotoLog" target */,
			);
			path = PhotoLog;
			sourceTree = "<group>";
		};
		91288FBD2DF18AB800987278 /* PhotoLogTests */ = {
			isa = PBXFileSystemSynchronizedRootGroup;
			path = PhotoLogTests;
			sourceTree = "<group>";
		};
		91288FC72DF18AB800987278 /* PhotoLogUITests */ = {
			isa = PBXFileSystemSynchronizedRootGroup;
			path = PhotoLogUITests;
			sourceTree = "<group>";
		};
/* End PBXFileSystemSynchronizedRootGroup section */

/* Begin PBXFrameworksBuildPhase section */
		91288FA12DF18AB700987278 /* Frameworks */ = {
			isa = PBXFrameworksBuildPhase;
			buildActionMask = 2147483647;
			files = (
				910DD6EF2DFDBE190078085B /* SDWebImage in Frameworks */,
				912890542DF1C7BC00987278 /* GoogleSignIn in Frameworks */,
				9128905B2DF1C7F800987278 /* FirebaseFirestore in Frameworks */,
				912890592DF1C7F800987278 /* FirebaseCore in Frameworks */,
				9128905D2DF1C7F800987278 /* FirebaseStorage in Frameworks */,
				9115ED152E00074600E3A4DD /* DGCharts in Frameworks */,
				912890572DF1C7F800987278 /* FirebaseAuth in Frameworks */,
			);
			runOnlyForDeploymentPostprocessing = 0;
		};
		91288FB72DF18AB800987278 /* Frameworks */ = {
			isa = PBXFrameworksBuildPhase;
			buildActionMask = 2147483647;
			files = (
			);
			runOnlyForDeploymentPostprocessing = 0;
		};
		91288FC12DF18AB800987278 /* Frameworks */ = {
			isa = PBXFrameworksBuildPhase;
			buildActionMask = 2147483647;
			files = (
			);
			runOnlyForDeploymentPostprocessing = 0;
		};
/* End PBXFrameworksBuildPhase section */

/* Begin PBXGroup section */
		910DD6ED2DFDBE190078085B /* Frameworks */ = {
			isa = PBXGroup;
			children = (
			);
			name = Frameworks;
			sourceTree = "<group>";
		};
		91288F9B2DF18AB700987278 = {
			isa = PBXGroup;
			children = (
				91288FA62DF18AB700987278 /* PhotoLog */,
				91288FBD2DF18AB800987278 /* PhotoLogTests */,
				91288FC72DF18AB800987278 /* PhotoLogUITests */,
				910DD6ED2DFDBE190078085B /* Frameworks */,
				91288FA52DF18AB700987278 /* Products */,
			);
			sourceTree = "<group>";
		};
		91288FA52DF18AB700987278 /* Products */ = {
			isa = PBXGroup;
			children = (
				91288FA42DF18AB700987278 /* PhotoLog.app */,
				91288FBA2DF18AB800987278 /* PhotoLogTests.xctest */,
				91288FC42DF18AB800987278 /* PhotoLogUITests.xctest */,
			);
			name = Products;
			sourceTree = "<group>";
		};
/* End PBXGroup section */

/* Begin PBXNativeTarget section */
		91288FA32DF18AB700987278 /* PhotoLog */ = {
			isa = PBXNativeTarget;
			buildConfigurationList = 91288FCD2DF18AB800987278 /* Build configuration list for PBXNativeTarget "PhotoLog" */;
			buildPhases = (
				91288FA02DF18AB700987278 /* Sources */,
				91288FA12DF18AB700987278 /* Frameworks */,
				91288FA22DF18AB700987278 /* Resources */,
				9115ED192E00074600E3A4DD /* Embed Frameworks */,
			);
			buildRules = (
			);
			dependencies = (
			);
			fileSystemSynchronizedGroups = (
				91288FA62DF18AB700987278 /* PhotoLog */,
			);
			name = PhotoLog;
			packageProductDependencies = (
				912890532DF1C7BC00987278 /* GoogleSignIn */,
				912890562DF1C7F800987278 /* FirebaseAuth */,
				912890582DF1C7F800987278 /* FirebaseCore */,
				9128905A2DF1C7F800987278 /* FirebaseFirestore */,
				9128905C2DF1C7F800987278 /* FirebaseStorage */,
				910DD6EE2DFDBE190078085B /* SDWebImage */,
				9115ED142E00074600E3A4DD /* DGCharts */,
			);
			productName = PhotoLog;
			productReference = 91288FA42DF18AB700987278 /* PhotoLog.app */;
			productType = "com.apple.product-type.application";
		};
		91288FB92DF18AB800987278 /* PhotoLogTests */ = {
			isa = PBXNativeTarget;
			buildConfigurationList = 91288FD22DF18AB800987278 /* Build configuration list for PBXNativeTarget "PhotoLogTests" */;
			buildPhases = (
				91288FB62DF18AB800987278 /* Sources */,
				91288FB72DF18AB800987278 /* Frameworks */,
				91288FB82DF18AB800987278 /* Resources */,
			);
			buildRules = (
			);
			dependencies = (
				91288FBC2DF18AB800987278 /* PBXTargetDependency */,
			);
			fileSystemSynchronizedGroups = (
				91288FBD2DF18AB800987278 /* PhotoLogTests */,
			);
			name = PhotoLogTests;
			packageProductDependencies = (
			);
			productName = PhotoLogTests;
			productReference = 91288FBA2DF18AB800987278 /* PhotoLogTests.xctest */;
			productType = "com.apple.product-type.bundle.unit-test";
		};
		91288FC32DF18AB800987278 /* PhotoLogUITests */ = {
			isa = PBXNativeTarget;
			buildConfigurationList = 91288FD52DF18AB800987278 /* Build configuration list for PBXNativeTarget "PhotoLogUITests" */;
			buildPhases = (
				91288FC02DF18AB800987278 /* Sources */,
				91288FC12DF18AB800987278 /* Frameworks */,
				91288FC22DF18AB800987278 /* Resources */,
			);
			buildRules = (
			);
			dependencies = (
				91288FC62DF18AB800987278 /* PBXTargetDependency */,
			);
			fileSystemSynchronizedGroups = (
				91288FC72DF18AB800987278 /* PhotoLogUITests */,
			);
			name = PhotoLogUITests;
			packageProductDependencies = (
			);
			productName = PhotoLogUITests;
			productReference = 91288FC42DF18AB800987278 /* PhotoLogUITests.xctest */;
			productType = "com.apple.product-type.bundle.ui-testing";
		};
/* End PBXNativeTarget section */

/* Begin PBXProject section */
		91288F9C2DF18AB700987278 /* Project object */ = {
			isa = PBXProject;
			attributes = {
				BuildIndependentTargetsInParallel = 1;
				LastSwiftUpdateCheck = 1620;
				LastUpgradeCheck = 1620;
				TargetAttributes = {
					91288FA32DF18AB700987278 = {
						CreatedOnToolsVersion = 16.2;
					};
					91288FB92DF18AB800987278 = {
						CreatedOnToolsVersion = 16.2;
						TestTargetID = 91288FA32DF18AB700987278;
					};
					91288FC32DF18AB800987278 = {
						CreatedOnToolsVersion = 16.2;
						TestTargetID = 91288FA32DF18AB700987278;
					};
				};
			};
			buildConfigurationList = 91288F9F2DF18AB700987278 /* Build configuration list for PBXProject "PhotoLog" */;
			developmentRegion = en;
			hasScannedForEncodings = 0;
			knownRegions = (
				en,
				Base,
			);
			mainGroup = 91288F9B2DF18AB700987278;
			minimizedProjectReferenceProxies = 1;
			packageReferences = (
				912890522DF1C7BC00987278 /* XCRemoteSwiftPackageReference "GoogleSignIn-iOS" */,
				912890552DF1C7F800987278 /* XCRemoteSwiftPackageReference "firebase-ios-sdk" */,
				910DD6EC2DFDBD920078085B /* XCRemoteSwiftPackageReference "SDWebImage" */,
				9115ED132E00055B00E3A4DD /* XCRemoteSwiftPackageReference "Charts" */,
			);
			preferredProjectObjectVersion = 77;
			productRefGroup = 91288FA52DF18AB700987278 /* Products */;
			projectDirPath = "";
			projectRoot = "";
			targets = (
				91288FA32DF18AB700987278 /* PhotoLog */,
				91288FB92DF18AB800987278 /* PhotoLogTests */,
				91288FC32DF18AB800987278 /* PhotoLogUITests */,
			);
		};
/* End PBXProject section */

/* Begin PBXResourcesBuildPhase section */
		91288FA22DF18AB700987278 /* Resources */ = {
			isa = PBXResourcesBuildPhase;
			buildActionMask = 2147483647;
			files = (
			);
			runOnlyForDeploymentPostprocessing = 0;
		};
		91288FB82DF18AB800987278 /* Resources */ = {
			isa = PBXResourcesBuildPhase;
			buildActionMask = 2147483647;
			files = (
			);
			runOnlyForDeploymentPostprocessing = 0;
		};
		91288FC22DF18AB800987278 /* Resources */ = {
			isa = PBXResourcesBuildPhase;
			buildActionMask = 2147483647;
			files = (
			);
			runOnlyForDeploymentPostprocessing = 0;
		};
/* End PBXResourcesBuildPhase section */

/* Begin PBXSourcesBuildPhase section */
		91288FA02DF18AB700987278 /* Sources */ = {
			isa = PBXSourcesBuildPhase;
			buildActionMask = 2147483647;
			files = (
			);
			runOnlyForDeploymentPostprocessing = 0;
		};
		91288FB62DF18AB800987278 /* Sources */ = {
			isa = PBXSourcesBuildPhase;
			buildActionMask = 2147483647;
			files = (
			);
			runOnlyForDeploymentPostprocessing = 0;
		};
		91288FC02DF18AB800987278 /* Sources */ = {
			isa = PBXSourcesBuildPhase;
			buildActionMask = 2147483647;
			files = (
			);
			runOnlyForDeploymentPostprocessing = 0;
		};
/* End PBXSourcesBuildPhase section */

/* Begin PBXTargetDependency section */
		91288FBC2DF18AB800987278 /* PBXTargetDependency */ = {
			isa = PBXTargetDependency;
			target = 91288FA32DF18AB700987278 /* PhotoLog */;
			targetProxy = 91288FBB2DF18AB800987278 /* PBXContainerItemProxy */;
		};
		91288FC62DF18AB800987278 /* PBXTargetDependency */ = {
			isa = PBXTargetDependency;
			target = 91288FA32DF18AB700987278 /* PhotoLog */;
			targetProxy = 91288FC52DF18AB800987278 /* PBXContainerItemProxy */;
		};
/* End PBXTargetDependency section */

/* Begin XCBuildConfiguration section */
		91288FCE2DF18AB800987278 /* Debug */ = {
			isa = XCBuildConfiguration;
			buildSettings = {
				ASSETCATALOG_COMPILER_APPICON_NAME = "AppIcon 1";
				ASSETCATALOG_COMPILER_GLOBAL_ACCENT_COLOR_NAME = AccentColor;
				CODE_SIGN_STYLE = Automatic;
				CURRENT_PROJECT_VERSION = 1;
				DEVELOPMENT_TEAM = FFXAPX46MV;
				GENERATE_INFOPLIST_FILE = YES;
				INFOPLIST_FILE = PhotoLog/Info.plist;
				INFOPLIST_KEY_UIApplicationSupportsIndirectInputEvents = YES;
				INFOPLIST_KEY_UILaunchStoryboardName = LaunchScreen;
				INFOPLIST_KEY_UIMainStoryboardFile = Main;
				INFOPLIST_KEY_UISupportedInterfaceOrientations_iPad = "UIInterfaceOrientationPortrait UIInterfaceOrientationPortraitUpsideDown UIInterfaceOrientationLandscapeLeft UIInterfaceOrientationLandscapeRight";
				INFOPLIST_KEY_UISupportedInterfaceOrientations_iPhone = "UIInterfaceOrientationPortrait UIInterfaceOrientationLandscapeLeft UIInterfaceOrientationLandscapeRight";
				LD_RUNPATH_SEARCH_PATHS = (
					"$(inherited)",
					"@executable_path/Frameworks",
				);
				MARKETING_VERSION = 1.0;
				PRODUCT_BUNDLE_IDENTIFIER = swcho.hansung.ac.kr.PhotoLog;
				PRODUCT_NAME = "$(TARGET_NAME)";
				SWIFT_EMIT_LOC_STRINGS = YES;
				SWIFT_VERSION = 5.0;
				TARGETED_DEVICE_FAMILY = "1,2";
			};
			name = Debug;
		};
		91288FCF2DF18AB800987278 /* Release */ = {
			isa = XCBuildConfiguration;
			buildSettings = {
				ASSETCATALOG_COMPILER_APPICON_NAME = "AppIcon 1";
				ASSETCATALOG_COMPILER_GLOBAL_ACCENT_COLOR_NAME = AccentColor;
				CODE_SIGN_STYLE = Automatic;
				CURRENT_PROJECT_VERSION = 1;
				DEVELOPMENT_TEAM = FFXAPX46MV;
				GENERATE_INFOPLIST_FILE = YES;
				INFOPLIST_FILE = PhotoLog/Info.plist;
				INFOPLIST_KEY_UIApplicationSupportsIndirectInputEvents = YES;
				INFOPLIST_KEY_UILaunchStoryboardName = LaunchScreen;
				INFOPLIST_KEY_UIMainStoryboardFile = Main;
				INFOPLIST_KEY_UISupportedInterfaceOrientations_iPad = "UIInterfaceOrientationPortrait UIInterfaceOrientationPortraitUpsideDown UIInterfaceOrientationLandscapeLeft UIInterfaceOrientationLandscapeRight";
				INFOPLIST_KEY_UISupportedInterfaceOrientations_iPhone = "UIInterfaceOrientationPortrait UIInterfaceOrientationLandscapeLeft UIInterfaceOrientationLandscapeRight";
				LD_RUNPATH_SEARCH_PATHS = (
					"$(inherited)",
					"@executable_path/Frameworks",
				);
				MARKETING_VERSION = 1.0;
				PRODUCT_BUNDLE_IDENTIFIER = swcho.hansung.ac.kr.PhotoLog;
				PRODUCT_NAME = "$(TARGET_NAME)";
				SWIFT_EMIT_LOC_STRINGS = YES;
				SWIFT_VERSION = 5.0;
				TARGETED_DEVICE_FAMILY = "1,2";
			};
			name = Release;
		};
		91288FD02DF18AB800987278 /* Debug */ = {
			isa = XCBuildConfiguration;
			buildSettings = {
				ALWAYS_SEARCH_USER_PATHS = NO;
				ASSETCATALOG_COMPILER_GENERATE_SWIFT_ASSET_SYMBOL_EXTENSIONS = YES;
				CLANG_ANALYZER_NONNULL = YES;
				CLANG_ANALYZER_NUMBER_OBJECT_CONVERSION = YES_AGGRESSIVE;
				CLANG_CXX_LANGUAGE_STANDARD = "gnu++20";
				CLANG_ENABLE_MODULES = YES;
				CLANG_ENABLE_OBJC_ARC = YES;
				CLANG_ENABLE_OBJC_WEAK = YES;
				CLANG_WARN_BLOCK_CAPTURE_AUTORELEASING = YES;
				CLANG_WARN_BOOL_CONVERSION = YES;
				CLANG_WARN_COMMA = YES;
				CLANG_WARN_CONSTANT_CONVERSION = YES;
				CLANG_WARN_DEPRECATED_OBJC_IMPLEMENTATIONS = YES;
				CLANG_WARN_DIRECT_OBJC_ISA_USAGE = YES_ERROR;
				CLANG_WARN_DOCUMENTATION_COMMENTS = YES;
				CLANG_WARN_EMPTY_BODY = YES;
				CLANG_WARN_ENUM_CONVERSION = YES;
				CLANG_WARN_INFINITE_RECURSION = YES;
				CLANG_WARN_INT_CONVERSION = YES;
				CLANG_WARN_NON_LITERAL_NULL_CONVERSION = YES;
				CLANG_WARN_OBJC_IMPLICIT_RETAIN_SELF = YES;
				CLANG_WARN_OBJC_LITERAL_CONVERSION = YES;
				CLANG_WARN_OBJC_ROOT_CLASS = YES_ERROR;
				CLANG_WARN_QUOTED_INCLUDE_IN_FRAMEWORK_HEADER = YES;
				CLANG_WARN_RANGE_LOOP_ANALYSIS = YES;
				CLANG_WARN_STRICT_PROTOTYPES = YES;
				CLANG_WARN_SUSPICIOUS_MOVE = YES;
				CLANG_WARN_UNGUARDED_AVAILABILITY = YES_AGGRESSIVE;
				CLANG_WARN_UNREACHABLE_CODE = YES;
				CLANG_WARN__DUPLICATE_METHOD_MATCH = YES;
				COPY_PHASE_STRIP = NO;
				DEBUG_INFORMATION_FORMAT = dwarf;
				ENABLE_STRICT_OBJC_MSGSEND = YES;
				ENABLE_TESTABILITY = YES;
				ENABLE_USER_SCRIPT_SANDBOXING = YES;
				GCC_C_LANGUAGE_STANDARD = gnu17;
				GCC_DYNAMIC_NO_PIC = NO;
				GCC_NO_COMMON_BLOCKS = YES;
				GCC_OPTIMIZATION_LEVEL = 0;
				GCC_PREPROCESSOR_DEFINITIONS = (
					"DEBUG=1",
					"$(inherited)",
				);
				GCC_WARN_64_TO_32_BIT_CONVERSION = YES;
				GCC_WARN_ABOUT_RETURN_TYPE = YES_ERROR;
				GCC_WARN_UNDECLARED_SELECTOR = YES;
				GCC_WARN_UNINITIALIZED_AUTOS = YES_AGGRESSIVE;
				GCC_WARN_UNUSED_FUNCTION = YES;
				GCC_WARN_UNUSED_VARIABLE = YES;
				IPHONEOS_DEPLOYMENT_TARGET = 18.2;
				LOCALIZATION_PREFERS_STRING_CATALOGS = YES;
				MTL_ENABLE_DEBUG_INFO = INCLUDE_SOURCE;
				MTL_FAST_MATH = YES;
				ONLY_ACTIVE_ARCH = YES;
				SDKROOT = iphoneos;
				SWIFT_ACTIVE_COMPILATION_CONDITIONS = "DEBUG $(inherited)";
				SWIFT_OPTIMIZATION_LEVEL = "-Onone";
			};
			name = Debug;
		};
		91288FD12DF18AB800987278 /* Release */ = {
			isa = XCBuildConfiguration;
			buildSettings = {
				ALWAYS_SEARCH_USER_PATHS = NO;
				ASSETCATALOG_COMPILER_GENERATE_SWIFT_ASSET_SYMBOL_EXTENSIONS = YES;
				CLANG_ANALYZER_NONNULL = YES;
				CLANG_ANALYZER_NUMBER_OBJECT_CONVERSION = YES_AGGRESSIVE;
				CLANG_CXX_LANGUAGE_STANDARD = "gnu++20";
				CLANG_ENABLE_MODULES = YES;
				CLANG_ENABLE_OBJC_ARC = YES;
				CLANG_ENABLE_OBJC_WEAK = YES;
				CLANG_WARN_BLOCK_CAPTURE_AUTORELEASING = YES;
				CLANG_WARN_BOOL_CONVERSION = YES;
				CLANG_WARN_COMMA = YES;
				CLANG_WARN_CONSTANT_CONVERSION = YES;
				CLANG_WARN_DEPRECATED_OBJC_IMPLEMENTATIONS = YES;
				CLANG_WARN_DIRECT_OBJC_ISA_USAGE = YES_ERROR;
				CLANG_WARN_DOCUMENTATION_COMMENTS = YES;
				CLANG_WARN_EMPTY_BODY = YES;
				CLANG_WARN_ENUM_CONVERSION = YES;
				CLANG_WARN_INFINITE_RECURSION = YES;
				CLANG_WARN_INT_CONVERSION = YES;
				CLANG_WARN_NON_LITERAL_NULL_CONVERSION = YES;
				CLANG_WARN_OBJC_IMPLICIT_RETAIN_SELF = YES;
				CLANG_WARN_OBJC_LITERAL_CONVERSION = YES;
				CLANG_WARN_OBJC_ROOT_CLASS = YES_ERROR;
				CLANG_WARN_QUOTED_INCLUDE_IN_FRAMEWORK_HEADER = YES;
				CLANG_WARN_RANGE_LOOP_ANALYSIS = YES;
				CLANG_WARN_STRICT_PROTOTYPES = YES;
				CLANG_WARN_SUSPICIOUS_MOVE = YES;
				CLANG_WARN_UNGUARDED_AVAILABILITY = YES_AGGRESSIVE;
				CLANG_WARN_UNREACHABLE_CODE = YES;
				CLANG_WARN__DUPLICATE_METHOD_MATCH = YES;
				COPY_PHASE_STRIP = NO;
				DEBUG_INFORMATION_FORMAT = "dwarf-with-dsym";
				ENABLE_NS_ASSERTIONS = NO;
				ENABLE_STRICT_OBJC_MSGSEND = YES;
				ENABLE_USER_SCRIPT_SANDBOXING = YES;
				GCC_C_LANGUAGE_STANDARD = gnu17;
				GCC_NO_COMMON_BLOCKS = YES;
				GCC_WARN_64_TO_32_BIT_CONVERSION = YES;
				GCC_WARN_ABOUT_RETURN_TYPE = YES_ERROR;
				GCC_WARN_UNDECLARED_SELECTOR = YES;
				GCC_WARN_UNINITIALIZED_AUTOS = YES_AGGRESSIVE;
				GCC_WARN_UNUSED_FUNCTION = YES;
				GCC_WARN_UNUSED_VARIABLE = YES;
				IPHONEOS_DEPLOYMENT_TARGET = 18.2;
				LOCALIZATION_PREFERS_STRING_CATALOGS = YES;
				MTL_ENABLE_DEBUG_INFO = NO;
				MTL_FAST_MATH = YES;
				SDKROOT = iphoneos;
				SWIFT_COMPILATION_MODE = wholemodule;
				VALIDATE_PRODUCT = YES;
			};
			name = Release;
		};
		91288FD32DF18AB800987278 /* Debug */ = {
			isa = XCBuildConfiguration;
			buildSettings = {
				BUNDLE_LOADER = "$(TEST_HOST)";
				CODE_SIGN_STYLE = Automatic;
				CURRENT_PROJECT_VERSION = 1;
				GENERATE_INFOPLIST_FILE = YES;
				IPHONEOS_DEPLOYMENT_TARGET = 18.2;
				MARKETING_VERSION = 1.0;
				PRODUCT_BUNDLE_IDENTIFIER = swcho.hansung.ac.kr.PhotoLogTests;
				PRODUCT_NAME = "$(TARGET_NAME)";
				SWIFT_EMIT_LOC_STRINGS = NO;
				SWIFT_VERSION = 5.0;
				TARGETED_DEVICE_FAMILY = "1,2";
				TEST_HOST = "$(BUILT_PRODUCTS_DIR)/PhotoLog.app/$(BUNDLE_EXECUTABLE_FOLDER_PATH)/PhotoLog";
			};
			name = Debug;
		};
		91288FD42DF18AB800987278 /* Release */ = {
			isa = XCBuildConfiguration;
			buildSettings = {
				BUNDLE_LOADER = "$(TEST_HOST)";
				CODE_SIGN_STYLE = Automatic;
				CURRENT_PROJECT_VERSION = 1;
				GENERATE_INFOPLIST_FILE = YES;
				IPHONEOS_DEPLOYMENT_TARGET = 18.2;
				MARKETING_VERSION = 1.0;
				PRODUCT_BUNDLE_IDENTIFIER = swcho.hansung.ac.kr.PhotoLogTests;
				PRODUCT_NAME = "$(TARGET_NAME)";
				SWIFT_EMIT_LOC_STRINGS = NO;
				SWIFT_VERSION = 5.0;
				TARGETED_DEVICE_FAMILY = "1,2";
				TEST_HOST = "$(BUILT_PRODUCTS_DIR)/PhotoLog.app/$(BUNDLE_EXECUTABLE_FOLDER_PATH)/PhotoLog";
			};
			name = Release;
		};
		91288FD62DF18AB800987278 /* Debug */ = {
			isa = XCBuildConfiguration;
			buildSettings = {
				CODE_SIGN_STYLE = Automatic;
				CURRENT_PROJECT_VERSION = 1;
				GENERATE_INFOPLIST_FILE = YES;
				MARKETING_VERSION = 1.0;
				PRODUCT_BUNDLE_IDENTIFIER = swcho.hansung.ac.kr.PhotoLogUITests;
				PRODUCT_NAME = "$(TARGET_NAME)";
				SWIFT_EMIT_LOC_STRINGS = NO;
				SWIFT_VERSION = 5.0;
				TARGETED_DEVICE_FAMILY = "1,2";
				TEST_TARGET_NAME = PhotoLog;
			};
			name = Debug;
		};
		91288FD72DF18AB800987278 /* Release */ = {
			isa = XCBuildConfiguration;
			buildSettings = {
				CODE_SIGN_STYLE = Automatic;
				CURRENT_PROJECT_VERSION = 1;
				GENERATE_INFOPLIST_FILE = YES;
				MARKETING_VERSION = 1.0;
				PRODUCT_BUNDLE_IDENTIFIER = swcho.hansung.ac.kr.PhotoLogUITests;
				PRODUCT_NAME = "$(TARGET_NAME)";
				SWIFT_EMIT_LOC_STRINGS = NO;
				SWIFT_VERSION = 5.0;
				TARGETED_DEVICE_FAMILY = "1,2";
				TEST_TARGET_NAME = PhotoLog;
			};
			name = Release;
		};
/* End XCBuildConfiguration section */

/* Begin XCConfigurationList section */
		91288F9F2DF18AB700987278 /* Build configuration list for PBXProject "PhotoLog" */ = {
			isa = XCConfigurationList;
			buildConfigurations = (
				91288FD02DF18AB800987278 /* Debug */,
				91288FD12DF18AB800987278 /* Release */,
			);
			defaultConfigurationIsVisible = 0;
			defaultConfigurationName = Release;
		};
		91288FCD2DF18AB800987278 /* Build configuration list for PBXNativeTarget "PhotoLog" */ = {
			isa = XCConfigurationList;
			buildConfigurations = (
				91288FCE2DF18AB800987278 /* Debug */,
				91288FCF2DF18AB800987278 /* Release */,
			);
			defaultConfigurationIsVisible = 0;
			defaultConfigurationName = Release;
		};
		91288FD22DF18AB800987278 /* Build configuration list for PBXNativeTarget "PhotoLogTests" */ = {
			isa = XCConfigurationList;
			buildConfigurations = (
				91288FD32DF18AB800987278 /* Debug */,
				91288FD42DF18AB800987278 /* Release */,
			);
			defaultConfigurationIsVisible = 0;
			defaultConfigurationName = Release;
		};
		91288FD52DF18AB800987278 /* Build configuration list for PBXNativeTarget "PhotoLogUITests" */ = {
			isa = XCConfigurationList;
			buildConfigurations = (
				91288FD62DF18AB800987278 /* Debug */,
				91288FD72DF18AB800987278 /* Release */,
			);
			defaultConfigurationIsVisible = 0;
			defaultConfigurationName = Release;
		};
/* End XCConfigurationList section */

/* Begin XCRemoteSwiftPackageReference section */
		910DD6EC2DFDBD920078085B /* XCRemoteSwiftPackageReference "SDWebImage" */ = {
			isa = XCRemoteSwiftPackageReference;
			repositoryURL = "https://github.com/SDWebImage/SDWebImage.git";
			requirement = {
				kind = upToNextMajorVersion;
				minimumVersion = 5.21.1;
			};
		};
		9115ED132E00055B00E3A4DD /* XCRemoteSwiftPackageReference "Charts" */ = {
			isa = XCRemoteSwiftPackageReference;
			repositoryURL = "https://github.com/danielgindi/Charts";
			requirement = {
				kind = upToNextMajorVersion;
				minimumVersion = 5.1.0;
			};
		};
		912890522DF1C7BC00987278 /* XCRemoteSwiftPackageReference "GoogleSignIn-iOS" */ = {
			isa = XCRemoteSwiftPackageReference;
			repositoryURL = "https://github.com/google/GoogleSignIn-iOS";
			requirement = {
				kind = upToNextMajorVersion;
				minimumVersion = 8.0.0;
			};
		};
		912890552DF1C7F800987278 /* XCRemoteSwiftPackageReference "firebase-ios-sdk" */ = {
			isa = XCRemoteSwiftPackageReference;
			repositoryURL = "https://github.com/firebase/firebase-ios-sdk";
			requirement = {
				kind = upToNextMajorVersion;
				minimumVersion = 11.14.0;
			};
		};
/* End XCRemoteSwiftPackageReference section */

/* Begin XCSwiftPackageProductDependency section */
		910DD6EE2DFDBE190078085B /* SDWebImage */ = {
			isa = XCSwiftPackageProductDependency;
			package = 910DD6EC2DFDBD920078085B /* XCRemoteSwiftPackageReference "SDWebImage" */;
			productName = SDWebImage;
		};
		9115ED142E00074600E3A4DD /* DGCharts */ = {
			isa = XCSwiftPackageProductDependency;
			package = 9115ED132E00055B00E3A4DD /* XCRemoteSwiftPackageReference "Charts" */;
			productName = DGCharts;
		};
		912890532DF1C7BC00987278 /* GoogleSignIn */ = {
			isa = XCSwiftPackageProductDependency;
			package = 912890522DF1C7BC00987278 /* XCRemoteSwiftPackageReference "GoogleSignIn-iOS" */;
			productName = GoogleSignIn;
		};
		912890562DF1C7F800987278 /* FirebaseAuth */ = {
			isa = XCSwiftPackageProductDependency;
			package = 912890552DF1C7F800987278 /* XCRemoteSwiftPackageReference "firebase-ios-sdk" */;
			productName = FirebaseAuth;
		};
		912890582DF1C7F800987278 /* FirebaseCore */ = {
			isa = XCSwiftPackageProductDependency;
			package = 912890552DF1C7F800987278 /* XCRemoteSwiftPackageReference "firebase-ios-sdk" */;
			productName = FirebaseCore;
		};
		9128905A2DF1C7F800987278 /* FirebaseFirestore */ = {
			isa = XCSwiftPackageProductDependency;
			package = 912890552DF1C7F800987278 /* XCRemoteSwiftPackageReference "firebase-ios-sdk" */;
			productName = FirebaseFirestore;
		};
		9128905C2DF1C7F800987278 /* FirebaseStorage */ = {
			isa = XCSwiftPackageProductDependency;
			package = 912890552DF1C7F800987278 /* XCRemoteSwiftPackageReference "firebase-ios-sdk" */;
			productName = FirebaseStorage;
		};
/* End XCSwiftPackageProductDependency section */
	};
	rootObject = 91288F9C2DF18AB700987278 /* Project object */;
}
